
Microsoft Visual Studio Solution File, Format Version 12.00
Project("{FAE04EC0-301F-11D3-BF4B-00C04F79EFBC}") = "Weapons", "Weapons\Weapons.csproj", "{1130E401-E96D-4133-BDBD-14F0AE9E361E}"
EndProject
Global
	GlobalSection(SolutionConfigurationPlatforms) = preSolution
		Debug|Any CPU = Debug|Any CPU
		Release|Any CPU = Release|Any CPU
	EndGlobalSection
	GlobalSection(ProjectConfigurationPlatforms) = postSolution
		{1130E401-E96D-4133-BDBD-14F0AE9E361E}.Debug|Any CPU.ActiveCfg = Debug|Any CPU
		{1130E401-E96D-4133-BDBD-14F0AE9E361E}.Debug|Any CPU.Build.0 = Debug|Any CPU
		{1130E401-E96D-4133-BDBD-14F0AE9E361E}.Release|Any CPU.ActiveCfg = Release|Any CPU
		{1130E401-E96D-4133-BDBD-14F0AE9E361E}.Release|Any CPU.Build.0 = Release|Any CPU
	EndGlobalSection
EndGlobal
